
Microsoft Visual Studio Solution File, Format Version 12.00
# Visual Studio Version 16
VisualStudioVersion = 16.0.29306.81
MinimumVisualStudioVersion = 10.0.40219.1
Project("{FAE04EC0-301F-11D3-BF4B-00C04F79EFBC}") = "Tehtävä1", "Elaimet\Tehtävä1.csproj", "{88B55C9D-8EB8-4AC6-AC79-C8054BB28096}"
EndProject
Project("{FAE04EC0-301F-11D3-BF4B-00C04F79EFBC}") = "ElainLuokat", "ElainLuokat\ElainLuokat.csproj", "{89E88340-F689-4156-B9C5-29CCCF889C9E}"
EndProject
Project("{FAE04EC0-301F-11D3-BF4B-00C04F79EFBC}") = "ika", "ika\ika.csproj", "{D42DD33D-8866-4FA6-B9DF-FE14A5048217}"
EndProject
Project("{FAE04EC0-301F-11D3-BF4B-00C04F79EFBC}") = "Periytyminen", "Periytyminen\Periytyminen.csproj", "{A989B604-8C22-4BF4-8453-9281808BD0EB}"
EndProject
Global
	GlobalSection(SolutionConfigurationPlatforms) = preSolution
		Debug|Any CPU = Debug|Any CPU
		Release|Any CPU = Release|Any CPU
	EndGlobalSection
	GlobalSection(ProjectConfigurationPlatforms) = postSolution
		{88B55C9D-8EB8-4AC6-AC79-C8054BB28096}.Debug|Any CPU.ActiveCfg = Debug|Any CPU
		{88B55C9D-8EB8-4AC6-AC79-C8054BB28096}.Debug|Any CPU.Build.0 = Debug|Any CPU
		{88B55C9D-8EB8-4AC6-AC79-C8054BB28096}.Release|Any CPU.ActiveCfg = Release|Any CPU
		{88B55C9D-8EB8-4AC6-AC79-C8054BB28096}.Release|Any CPU.Build.0 = Release|Any CPU
		{89E88340-F689-4156-B9C5-29CCCF889C9E}.Debug|Any CPU.ActiveCfg = Debug|Any CPU
		{89E88340-F689-4156-B9C5-29CCCF889C9E}.Debug|Any CPU.Build.0 = Debug|Any CPU
		{89E88340-F689-4156-B9C5-29CCCF889C9E}.Release|Any CPU.ActiveCfg = Release|Any CPU
		{89E88340-F689-4156-B9C5-29CCCF889C9E}.Release|Any CPU.Build.0 = Release|Any CPU
		{D42DD33D-8866-4FA6-B9DF-FE14A5048217}.Debug|Any CPU.ActiveCfg = Debug|Any CPU
		{D42DD33D-8866-4FA6-B9DF-FE14A5048217}.Debug|Any CPU.Build.0 = Debug|Any CPU
		{D42DD33D-8866-4FA6-B9DF-FE14A5048217}.Release|Any CPU.ActiveCfg = Release|Any CPU
		{D42DD33D-8866-4FA6-B9DF-FE14A5048217}.Release|Any CPU.Build.0 = Release|Any CPU
		{A989B604-8C22-4BF4-8453-9281808BD0EB}.Debug|Any CPU.ActiveCfg = Debug|Any CPU
		{A989B604-8C22-4BF4-8453-9281808BD0EB}.Debug|Any CPU.Build.0 = Debug|Any CPU
		{A989B604-8C22-4BF4-8453-9281808BD0EB}.Release|Any CPU.ActiveCfg = Release|Any CPU
		{A989B604-8C22-4BF4-8453-9281808BD0EB}.Release|Any CPU.Build.0 = Release|Any CPU
	EndGlobalSection
	GlobalSection(SolutionProperties) = preSolution
		HideSolutionNode = FALSE
	EndGlobalSection
	GlobalSection(ExtensibilityGlobals) = postSolution
		SolutionGuid = {F02BA5C9-2DA6-4410-8263-EF6CEA8584ED}
	EndGlobalSection
EndGlobal
